
Microsoft Visual Studio Solution File, Format Version 12.00
# Visual Studio 15
VisualStudioVersion = 15.0.27004.2009
MinimumVisualStudioVersion = 10.0.40219.1
Project("{FAE04EC0-301F-11D3-BF4B-00C04F79EFBC}") = "Lab_14", "Lab_14\Lab_14.csproj", "{B186B824-E66E-495F-AB68-DB045BC33ABA}"
EndProject
Global
	GlobalSection(SolutionConfigurationPlatforms) = preSolution
		Debug|Any CPU = Debug|Any CPU
		Release|Any CPU = Release|Any CPU
	EndGlobalSection
	GlobalSection(ProjectConfigurationPlatforms) = postSolution
		{B186B824-E66E-495F-AB68-DB045BC33ABA}.Debug|Any CPU.ActiveCfg = Debug|Any CPU
		{B186B824-E66E-495F-AB68-DB045BC33ABA}.Debug|Any CPU.Build.0 = Debug|Any CPU
		{B186B824-E66E-495F-AB68-DB045BC33ABA}.Release|Any CPU.ActiveCfg = Release|Any CPU
		{B186B824-E66E-495F-AB68-DB045BC33ABA}.Release|Any CPU.Build.0 = Release|Any CPU
	EndGlobalSection
	GlobalSection(SolutionProperties) = preSolution
		HideSolutionNode = FALSE
	EndGlobalSection
	GlobalSection(ExtensibilityGlobals) = postSolution
		SolutionGuid = {A4599D98-7220-4F75-8AD2-C6987A0E40CD}
	EndGlobalSection
EndGlobal
